
Microsoft Visual Studio Solution File, Format Version 12.00
# Visual Studio Version 16
VisualStudioVersion = 16.0.29102.190
MinimumVisualStudioVersion = 10.0.40219.1
Project("{FAE04EC0-301F-11D3-BF4B-00C04F79EFBC}") = "MVCBasic2", "MVCBasic2\MVCBasic2.csproj", "{7C6AD609-E951-4844-9A1E-D7EFC8C21FB4}"
EndProject
Global
	GlobalSection(SolutionConfigurationPlatforms) = preSolution
		Debug|Any CPU = Debug|Any CPU
		Release|Any CPU = Release|Any CPU
	EndGlobalSection
	GlobalSection(ProjectConfigurationPlatforms) = postSolution
		{7C6AD609-E951-4844-9A1E-D7EFC8C21FB4}.Debug|Any CPU.ActiveCfg = Debug|Any CPU
		{7C6AD609-E951-4844-9A1E-D7EFC8C21FB4}.Debug|Any CPU.Build.0 = Debug|Any CPU
		{7C6AD609-E951-4844-9A1E-D7EFC8C21FB4}.Release|Any CPU.ActiveCfg = Release|Any CPU
		{7C6AD609-E951-4844-9A1E-D7EFC8C21FB4}.Release|Any CPU.Build.0 = Release|Any CPU
	EndGlobalSection
	GlobalSection(SolutionProperties) = preSolution
		HideSolutionNode = FALSE
	EndGlobalSection
	GlobalSection(ExtensibilityGlobals) = postSolution
		SolutionGuid = {FFD0AD7A-B12C-4264-891C-9ED9320A8BA8}
	EndGlobalSection
EndGlobal
